{
  "name": "zredImage",
  "version": "1.0.0",
  "lockfileVersion": 1,
  "requires": true,
  "dependencies": {
    "image-size": {
      "version": "0.9.7",
      "resolved": "https://registry.npm.taobao.org/image-size/download/image-size-0.9.7.tgz",
      "integrity": "sha1-Q7Tq1LExDVrjEKVZ1Sk1o0fkfAk=",
      "requires": {
        "queue": "6.0.2"
      }
    },
    "inherits": {
      "version": "2.0.4",
      "resolved": "https://registry.npm.taobao.org/inherits/download/inherits-2.0.4.tgz",
      "integrity": "sha1-D6LGT5MpF8NDOg3tVTY6rjdBa3w="
    },
    "queue": {
      "version": "6.0.2",
      "resolved": "https://registry.npm.taobao.org/queue/download/queue-6.0.2.tgz",
      "integrity": "sha1-uRUlKD4jFcdVPS76GNg+dkMv7WU=",
      "requires": {
        "inherits": "~2.0.3"
      }
    }
  }
}
