{
  "name": "zredImage",
  "version": "1.0.0",
  "lockfileVersion": 1,
  "requires": true,
  "dependencies": {
    "image-size": {
      "version": "0.9.4",
      "resolved": "https://registry.npm.taobao.org/image-size/download/image-size-0.9.4.tgz",
      "integrity": "sha1-Rfb3ZCFLlBUv15TDOc834Qyi51A=",
      "requires": {
        "queue": "6.0.1"
      }
    },
    "inherits": {
      "version": "2.0.4",
      "resolved": "https://registry.npm.taobao.org/inherits/download/inherits-2.0.4.tgz",
      "integrity": "sha1-D6LGT5MpF8NDOg3tVTY6rjdBa3w="
    },
    "queue": {
      "version": "6.0.1",
      "resolved": "https://registry.npm.taobao.org/queue/download/queue-6.0.1.tgz",
      "integrity": "sha1-q9WlsDdpEvBwolcp4Lan1WVoN5E=",
      "requires": {
        "inherits": "~2.0.3"
      }
    }
  }
}
